// !$*UTF8*$!
{
	archiveVersion = 1;
	classes = {
	};
	objectVersion = 46;
	objects = {

/* Begin PBXBuildFile section */
		3F178CCBD09C3C20C18AFB62 /* libPods.a in Frameworks */ = {isa = PBXBuildFile; fileRef = 1362A49E8C8A7F8F0AEEC4C8 /* libPods.a */; };
		6C0431C91B25BE1C001893A4 /* Service.m in Sources */ = {isa = PBXBuildFile; fileRef = 6C0431C81B25BE1C001893A4 /* Service.m */; };
		6C0431CE1B25C205001893A4 /* Model.m in Sources */ = {isa = PBXBuildFile; fileRef = 6C0431CD1B25C205001893A4 /* Model.m */; };
		FF6E4D0D1B2585B700ABC57E /* AppDelegate.swift in Sources */ = {isa = PBXBuildFile; fileRef = FF6E4D0C1B2585B700ABC57E /* AppDelegate.swift */; };
		FF6E4D0F1B2585B700ABC57E /* ViewController.swift in Sources */ = {isa = PBXBuildFile; fileRef = FF6E4D0E1B2585B700ABC57E /* ViewController.swift */; };
		FF6E4D121B2585B700ABC57E /* Main.storyboard in Resources */ = {isa = PBXBuildFile; fileRef = FF6E4D101B2585B700ABC57E /* Main.storyboard */; };
		FF6E4D141B2585B700ABC57E /* Images.xcassets in Resources */ = {isa = PBXBuildFile; fileRef = FF6E4D131B2585B700ABC57E /* Images.xcassets */; };
		FF6E4D171B2585B700ABC57E /* LaunchScreen.xib in Resources */ = {isa = PBXBuildFile; fileRef = FF6E4D151B2585B700ABC57E /* LaunchScreen.xib */; };
		FF6E4D231B2585B700ABC57E /* QMMedicaTests.swift in Sources */ = {isa = PBXBuildFile; fileRef = FF6E4D221B2585B700ABC57E /* QMMedicaTests.swift */; };
/* End PBXBuildFile section */

/* Begin PBXContainerItemProxy section */
		FF6E4D1D1B2585B700ABC57E /* PBXContainerItemProxy */ = {
			isa = PBXContainerItemProxy;
			containerPortal = FF6E4CFF1B2585B700ABC57E /* Project object */;
			proxyType = 1;
			remoteGlobalIDString = FF6E4D061B2585B700ABC57E;
			remoteInfo = QMMedica;
		};
/* End PBXContainerItemProxy section */

/* Begin PBXFileReference section */
		018813D220E1D2A87BF0C113 /* Pods.release.xcconfig */ = {isa = PBXFileReference; includeInIndex = 1; lastKnownFileType = text.xcconfig; name = Pods.release.xcconfig; path = "Pods/Target Support Files/Pods/Pods.release.xcconfig"; sourceTree = "<group>"; };
		1362A49E8C8A7F8F0AEEC4C8 /* libPods.a */ = {isa = PBXFileReference; explicitFileType = archive.ar; includeInIndex = 0; path = libPods.a; sourceTree = BUILT_PRODUCTS_DIR; };
		16045F9152629362B4D41989 /* Pods.debug.xcconfig */ = {isa = PBXFileReference; includeInIndex = 1; lastKnownFileType = text.xcconfig; name = Pods.debug.xcconfig; path = "Pods/Target Support Files/Pods/Pods.debug.xcconfig"; sourceTree = "<group>"; };
		6C0431C61B25BE1C001893A4 /* QMMedica-Bridging-Header.h */ = {isa = PBXFileReference; lastKnownFileType = sourcecode.c.h; path = "QMMedica-Bridging-Header.h"; sourceTree = "<group>"; };
		6C0431C71B25BE1C001893A4 /* Service.h */ = {isa = PBXFileReference; fileEncoding = 4; lastKnownFileType = sourcecode.c.h; path = Service.h; sourceTree = "<group>"; };
		6C0431C81B25BE1C001893A4 /* Service.m */ = {isa = PBXFileReference; fileEncoding = 4; lastKnownFileType = sourcecode.c.objc; path = Service.m; sourceTree = "<group>"; };
		6C0431CC1B25C205001893A4 /* Model.h */ = {isa = PBXFileReference; fileEncoding = 4; lastKnownFileType = sourcecode.c.h; path = Model.h; sourceTree = "<group>"; };
		6C0431CD1B25C205001893A4 /* Model.m */ = {isa = PBXFileReference; fileEncoding = 4; lastKnownFileType = sourcecode.c.objc; path = Model.m; sourceTree = "<group>"; };
		FF6E4D071B2585B700ABC57E /* QMMedica.app */ = {isa = PBXFileReference; explicitFileType = wrapper.application; includeInIndex = 0; path = QMMedica.app; sourceTree = BUILT_PRODUCTS_DIR; };
		FF6E4D0B1B2585B700ABC57E /* Info.plist */ = {isa = PBXFileReference; lastKnownFileType = text.plist.xml; path = Info.plist; sourceTree = "<group>"; };
		FF6E4D0C1B2585B700ABC57E /* AppDelegate.swift */ = {isa = PBXFileReference; lastKnownFileType = sourcecode.swift; path = AppDelegate.swift; sourceTree = "<group>"; };
		FF6E4D0E1B2585B700ABC57E /* ViewController.swift */ = {isa = PBXFileReference; lastKnownFileType = sourcecode.swift; path = ViewController.swift; sourceTree = "<group>"; };
		FF6E4D111B2585B700ABC57E /* Base */ = {isa = PBXFileReference; lastKnownFileType = file.storyboard; name = Base; path = Base.lproj/Main.storyboard; sourceTree = "<group>"; };
		FF6E4D131B2585B700ABC57E /* Images.xcassets */ = {isa = PBXFileReference; lastKnownFileType = folder.assetcatalog; path = Images.xcassets; sourceTree = "<group>"; };
		FF6E4D161B2585B700ABC57E /* Base */ = {isa = PBXFileReference; lastKnownFileType = file.xib; name = Base; path = Base.lproj/LaunchScreen.xib; sourceTree = "<group>"; };
		FF6E4D1C1B2585B700ABC57E /* QMMedicaTests.xctest */ = {isa = PBXFileReference; explicitFileType = wrapper.cfbundle; includeInIndex = 0; path = QMMedicaTests.xctest; sourceTree = BUILT_PRODUCTS_DIR; };
		FF6E4D211B2585B700ABC57E /* Info.plist */ = {isa = PBXFileReference; lastKnownFileType = text.plist.xml; path = Info.plist; sourceTree = "<group>"; };
		FF6E4D221B2585B700ABC57E /* QMMedicaTests.swift */ = {isa = PBXFileReference; lastKnownFileType = sourcecode.swift; path = QMMedicaTests.swift; sourceTree = "<group>"; };
/* End PBXFileReference section */

/* Begin PBXFrameworksBuildPhase section */
		FF6E4D041B2585B700ABC57E /* Frameworks */ = {
			isa = PBXFrameworksBuildPhase;
			buildActionMask = 2147483647;
			files = (
				3F178CCBD09C3C20C18AFB62 /* libPods.a in Frameworks */,
			);
			runOnlyForDeploymentPostprocessing = 0;
		};
		FF6E4D191B2585B700ABC57E /* Frameworks */ = {
			isa = PBXFrameworksBuildPhase;
			buildActionMask = 2147483647;
			files = (
			);
			runOnlyForDeploymentPostprocessing = 0;
		};
/* End PBXFrameworksBuildPhase section */

/* Begin PBXGroup section */
		49DDAB6F38227B4C0C7A70E1 /* Pods */ = {
			isa = PBXGroup;
			children = (
				16045F9152629362B4D41989 /* Pods.debug.xcconfig */,
				018813D220E1D2A87BF0C113 /* Pods.release.xcconfig */,
			);
			name = Pods;
			sourceTree = "<group>";
		};
		6C0431C51B25BE02001893A4 /* OCHELP */ = {
			isa = PBXGroup;
			children = (
				6C0431C61B25BE1C001893A4 /* QMMedica-Bridging-Header.h */,
				6C0431C71B25BE1C001893A4 /* Service.h */,
				6C0431C81B25BE1C001893A4 /* Service.m */,
				6C0431CC1B25C205001893A4 /* Model.h */,
				6C0431CD1B25C205001893A4 /* Model.m */,
			);
			name = OCHELP;
			sourceTree = "<group>";
		};
		E7E3D5EC239C485BB9AB1FD6 /* Frameworks */ = {
			isa = PBXGroup;
			children = (
				1362A49E8C8A7F8F0AEEC4C8 /* libPods.a */,
			);
			name = Frameworks;
			sourceTree = "<group>";
		};
		FF6E4CFE1B2585B700ABC57E = {
			isa = PBXGroup;
			children = (
				FF6E4D091B2585B700ABC57E /* QMMedica */,
				FF6E4D1F1B2585B700ABC57E /* QMMedicaTests */,
				FF6E4D081B2585B700ABC57E /* Products */,
				49DDAB6F38227B4C0C7A70E1 /* Pods */,
				E7E3D5EC239C485BB9AB1FD6 /* Frameworks */,
			);
			sourceTree = "<group>";
		};
		FF6E4D081B2585B700ABC57E /* Products */ = {
			isa = PBXGroup;
			children = (
				FF6E4D071B2585B700ABC57E /* QMMedica.app */,
				FF6E4D1C1B2585B700ABC57E /* QMMedicaTests.xctest */,
			);
			name = Products;
			sourceTree = "<group>";
		};
		FF6E4D091B2585B700ABC57E /* QMMedica */ = {
			isa = PBXGroup;
			children = (
				FF6E4D0C1B2585B700ABC57E /* AppDelegate.swift */,
				FF6E4D0E1B2585B700ABC57E /* ViewController.swift */,
				6C0431C51B25BE02001893A4 /* OCHELP */,
				FF6E4D101B2585B700ABC57E /* Main.storyboard */,
				FF6E4D131B2585B700ABC57E /* Images.xcassets */,
				FF6E4D151B2585B700ABC57E /* LaunchScreen.xib */,
				FF6E4D0A1B2585B700ABC57E /* Supporting Files */,
			);
			path = QMMedica;
			sourceTree = "<group>";
		};
		FF6E4D0A1B2585B700ABC57E /* Supporting Files */ = {
			isa = PBXGroup;
			children = (
				FF6E4D0B1B2585B700ABC57E /* Info.plist */,
			);
			name = "Supporting Files";
			sourceTree = "<group>";
		};
		FF6E4D1F1B2585B700ABC57E /* QMMedicaTests */ = {
			isa = PBXGroup;
			children = (
				FF6E4D221B2585B700ABC57E /* QMMedicaTests.swift */,
				FF6E4D201B2585B700ABC57E /* Supporting Files */,
			);
			path = QMMedicaTests;
			sourceTree = "<group>";
		};
		FF6E4D201B2585B700ABC57E /* Supporting Files */ = {
			isa = PBXGroup;
			children = (
				FF6E4D211B2585B700ABC57E /* Info.plist */,
			);
			name = "Supporting Files";
			sourceTree = "<group>";
		};
/* End PBXGroup section */

/* Begin PBXNativeTarget section */
		FF6E4D061B2585B700ABC57E /* QMMedica */ = {
			isa = PBXNativeTarget;
			buildConfigurationList = FF6E4D261B2585B700ABC57E /* Build configuration list for PBXNativeTarget "QMMedica" */;
			buildPhases = (
				1A27716A8F5296EC18701822 /* Check Pods Manifest.lock */,
				FF6E4D031B2585B700ABC57E /* Sources */,
				FF6E4D041B2585B700ABC57E /* Frameworks */,
				FF6E4D051B2585B700ABC57E /* Resources */,
				F00567688D0DA86A1B5CB170 /* Copy Pods Resources */,
			);
			buildRules = (
			);
			dependencies = (
			);
			name = QMMedica;
			productName = QMMedica;
			productReference = FF6E4D071B2585B700ABC57E /* QMMedica.app */;
			productType = "com.apple.product-type.application";
		};
		FF6E4D1B1B2585B700ABC57E /* QMMedicaTests */ = {
			isa = PBXNativeTarget;
			buildConfigurationList = FF6E4D291B2585B700ABC57E /* Build configuration list for PBXNativeTarget "QMMedicaTests" */;
			buildPhases = (
				FF6E4D181B2585B700ABC57E /* Sources */,
				FF6E4D191B2585B700ABC57E /* Frameworks */,
				FF6E4D1A1B2585B700ABC57E /* Resources */,
			);
			buildRules = (
			);
			dependencies = (
				FF6E4D1E1B2585B700ABC57E /* PBXTargetDependency */,
			);
			name = QMMedicaTests;
			productName = QMMedicaTests;
			productReference = FF6E4D1C1B2585B700ABC57E /* QMMedicaTests.xctest */;
			productType = "com.apple.product-type.bundle.unit-test";
		};
/* End PBXNativeTarget section */

/* Begin PBXProject section */
		FF6E4CFF1B2585B700ABC57E /* Project object */ = {
			isa = PBXProject;
			attributes = {
				LastUpgradeCheck = 0630;
				ORGANIZATIONNAME = QiMENG;
				TargetAttributes = {
					FF6E4D061B2585B700ABC57E = {
						CreatedOnToolsVersion = 6.3.2;
					};
					FF6E4D1B1B2585B700ABC57E = {
						CreatedOnToolsVersion = 6.3.2;
						TestTargetID = FF6E4D061B2585B700ABC57E;
					};
				};
			};
			buildConfigurationList = FF6E4D021B2585B700ABC57E /* Build configuration list for PBXProject "QMMedica" */;
			compatibilityVersion = "Xcode 3.2";
			developmentRegion = English;
			hasScannedForEncodings = 0;
			knownRegions = (
				en,
				Base,
			);
			mainGroup = FF6E4CFE1B2585B700ABC57E;
			productRefGroup = FF6E4D081B2585B700ABC57E /* Products */;
			projectDirPath = "";
			projectRoot = "";
			targets = (
				FF6E4D061B2585B700ABC57E /* QMMedica */,
				FF6E4D1B1B2585B700ABC57E /* QMMedicaTests */,
			);
		};
/* End PBXProject section */

/* Begin PBXResourcesBuildPhase section */
		FF6E4D051B2585B700ABC57E /* Resources */ = {
			isa = PBXResourcesBuildPhase;
			buildActionMask = 2147483647;
			files = (
				FF6E4D121B2585B700ABC57E /* Main.storyboard in Resources */,
				FF6E4D171B2585B700ABC57E /* LaunchScreen.xib in Resources */,
				FF6E4D141B2585B700ABC57E /* Images.xcassets in Resources */,
			);
			runOnlyForDeploymentPostprocessing = 0;
		};
		FF6E4D1A1B2585B700ABC57E /* Resources */ = {
			isa = PBXResourcesBuildPhase;
			buildActionMask = 2147483647;
			files = (
			);
			runOnlyForDeploymentPostprocessing = 0;
		};
/* End PBXResourcesBuildPhase section */

/* Begin PBXShellScriptBuildPhase section */
		1A27716A8F5296EC18701822 /* Check Pods Manifest.lock */ = {
			isa = PBXShellScriptBuildPhase;
			buildActionMask = 2147483647;
			files = (
			);
			inputPaths = (
			);
			name = "Check Pods Manifest.lock";
			outputPaths = (
			);
			runOnlyForDeploymentPostprocessing = 0;
			shellPath = /bin/sh;
			shellScript = "diff \"${PODS_ROOT}/../Podfile.lock\" \"${PODS_ROOT}/Manifest.lock\" > /dev/null\nif [[ $? != 0 ]] ; then\n    cat << EOM\nerror: The sandbox is not in sync with the Podfile.lock. Run 'pod install' or update your CocoaPods installation.\nEOM\n    exit 1\nfi\n";
			showEnvVarsInLog = 0;
		};
		F00567688D0DA86A1B5CB170 /* Copy Pods Resources */ = {
			isa = PBXShellScriptBuildPhase;
			buildActionMask = 2147483647;
			files = (
			);
			inputPaths = (
			);
			name = "Copy Pods Resources";
			outputPaths = (
			);
			runOnlyForDeploymentPostprocessing = 0;
			shellPath = /bin/sh;
			shellScript = "\"${SRCROOT}/Pods/Target Support Files/Pods/Pods-resources.sh\"\n";
			showEnvVarsInLog = 0;
		};
/* End PBXShellScriptBuildPhase section */

/* Begin PBXSourcesBuildPhase section */
		FF6E4D031B2585B700ABC57E /* Sources */ = {
			isa = PBXSourcesBuildPhase;
			buildActionMask = 2147483647;
			files = (
				FF6E4D0F1B2585B700ABC57E /* ViewController.swift in Sources */,
				FF6E4D0D1B2585B700ABC57E /* AppDelegate.swift in Sources */,
				6C0431C91B25BE1C001893A4 /* Service.m in Sources */,
				6C0431CE1B25C205001893A4 /* Model.m in Sources */,
			);
			runOnlyForDeploymentPostprocessing = 0;
		};
		FF6E4D181B2585B700ABC57E /* Sources */ = {
			isa = PBXSourcesBuildPhase;
			buildActionMask = 2147483647;
			files = (
				FF6E4D231B2585B700ABC57E /* QMMedicaTests.swift in Sources */,
			);
			runOnlyForDeploymentPostprocessing = 0;
		};
/* End PBXSourcesBuildPhase section */

/* Begin PBXTargetDependency section */
		FF6E4D1E1B2585B700ABC57E /* PBXTargetDependency */ = {
			isa = PBXTargetDependency;
			target = FF6E4D061B2585B700ABC57E /* QMMedica */;
			targetProxy = FF6E4D1D1B2585B700ABC57E /* PBXContainerItemProxy */;
		};
/* End PBXTargetDependency section */

/* Begin PBXVariantGroup section */
		FF6E4D101B2585B700ABC57E /* Main.storyboard */ = {
			isa = PBXVariantGroup;
			children = (
				FF6E4D111B2585B700ABC57E /* Base */,
			);
			name = Main.storyboard;
			sourceTree = "<group>";
		};
		FF6E4D151B2585B700ABC57E /* LaunchScreen.xib */ = {
			isa = PBXVariantGroup;
			children = (
				FF6E4D161B2585B700ABC57E /* Base */,
			);
			name = LaunchScreen.xib;
			sourceTree = "<group>";
		};
/* End PBXVariantGroup section */

/* Begin XCBuildConfiguration section */
		FF6E4D241B2585B700ABC57E /* Debug */ = {
			isa = XCBuildConfiguration;
			buildSettings = {
				ALWAYS_SEARCH_USER_PATHS = NO;
				CLANG_CXX_LANGUAGE_STANDARD = "gnu++0x";
				CLANG_CXX_LIBRARY = "libc++";
				CLANG_ENABLE_MODULES = YES;
				CLANG_ENABLE_OBJC_ARC = YES;
				CLANG_WARN_BOOL_CONVERSION = YES;
				CLANG_WARN_CONSTANT_CONVERSION = YES;
				CLANG_WARN_DIRECT_OBJC_ISA_USAGE = YES_ERROR;
				CLANG_WARN_EMPTY_BODY = YES;
				CLANG_WARN_ENUM_CONVERSION = YES;
				CLANG_WARN_INT_CONVERSION = YES;
				CLANG_WARN_OBJC_ROOT_CLASS = YES_ERROR;
				CLANG_WARN_UNREACHABLE_CODE = YES;
				CLANG_WARN__DUPLICATE_METHOD_MATCH = YES;
				"CODE_SIGN_IDENTITY[sdk=iphoneos*]" = "iPhone Developer";
				COPY_PHASE_STRIP = NO;
				DEBUG_INFORMATION_FORMAT = "dwarf-with-dsym";
				ENABLE_STRICT_OBJC_MSGSEND = YES;
				GCC_C_LANGUAGE_STANDARD = gnu99;
				GCC_DYNAMIC_NO_PIC = NO;
				GCC_NO_COMMON_BLOCKS = YES;
				GCC_OPTIMIZATION_LEVEL = 0;
				GCC_PREPROCESSOR_DEFINITIONS = (
					"DEBUG=1",
					"$(inherited)",
				);
				GCC_SYMBOLS_PRIVATE_EXTERN = NO;
				GCC_WARN_64_TO_32_BIT_CONVERSION = YES;
				GCC_WARN_ABOUT_RETURN_TYPE = YES_ERROR;
				GCC_WARN_UNDECLARED_SELECTOR = YES;
				GCC_WARN_UNINITIALIZED_AUTOS = YES_AGGRESSIVE;
				GCC_WARN_UNUSED_FUNCTION = YES;
				GCC_WARN_UNUSED_VARIABLE = YES;
				IPHONEOS_DEPLOYMENT_TARGET = 8.3;
				MTL_ENABLE_DEBUG_INFO = YES;
				ONLY_ACTIVE_ARCH = YES;
				SDKROOT = iphoneos;
				SWIFT_OPTIMIZATION_LEVEL = "-Onone";
				TARGETED_DEVICE_FAMILY = "1,2";
			};
			name = Debug;
		};
		FF6E4D251B2585B700ABC57E /* Release */ = {
			isa = XCBuildConfiguration;
			buildSettings = {
				ALWAYS_SEARCH_USER_PATHS = NO;
				CLANG_CXX_LANGUAGE_STANDARD = "gnu++0x";
				CLANG_CXX_LIBRARY = "libc++";
				CLANG_ENABLE_MODULES = YES;
				CLANG_ENABLE_OBJC_ARC = YES;
				CLANG_WARN_BOOL_CONVERSION = YES;
				CLANG_WARN_CONSTANT_CONVERSION = YES;
				CLANG_WARN_DIRECT_OBJC_ISA_USAGE = YES_ERROR;
				CLANG_WARN_EMPTY_BODY = YES;
				CLANG_WARN_ENUM_CONVERSION = YES;
				CLANG_WARN_INT_CONVERSION = YES;
				CLANG_WARN_OBJC_ROOT_CLASS = YES_ERROR;
				CLANG_WARN_UNREACHABLE_CODE = YES;
				CLANG_WARN__DUPLICATE_METHOD_MATCH = YES;
				"CODE_SIGN_IDENTITY[sdk=iphoneos*]" = "iPhone Developer";
				COPY_PHASE_STRIP = NO;
				DEBUG_INFORMATION_FORMAT = "dwarf-with-dsym";
				ENABLE_NS_ASSERTIONS = NO;
				ENABLE_STRICT_OBJC_MSGSEND = YES;
				GCC_C_LANGUAGE_STANDARD = gnu99;
				GCC_NO_COMMON_BLOCKS = YES;
				GCC_WARN_64_TO_32_BIT_CONVERSION = YES;
				GCC_WARN_ABOUT_RETURN_TYPE = YES_ERROR;
				GCC_WARN_UNDECLARED_SELECTOR = YES;
				GCC_WARN_UNINITIALIZED_AUTOS = YES_AGGRESSIVE;
				GCC_WARN_UNUSED_FUNCTION = YES;
				GCC_WARN_UNUSED_VARIABLE = YES;
				IPHONEOS_DEPLOYMENT_TARGET = 8.3;
				MTL_ENABLE_DEBUG_INFO = NO;
				SDKROOT = iphoneos;
				TARGETED_DEVICE_FAMILY = "1,2";
				VALIDATE_PRODUCT = YES;
			};
			name = Release;
		};
		FF6E4D271B2585B700ABC57E /* Debug */ = {
			isa = XCBuildConfiguration;
			baseConfigurationReference = 16045F9152629362B4D41989 /* Pods.debug.xcconfig */;
			buildSettings = {
				ASSETCATALOG_COMPILER_APPICON_NAME = AppIcon;
				CLANG_ENABLE_MODULES = YES;
				CODE_SIGN_IDENTITY = "iPhone Developer: Li Wei (4X728K54LX)";
				INFOPLIST_FILE = QMMedica/Info.plist;
				IPHONEOS_DEPLOYMENT_TARGET = 7.0;
				LD_RUNPATH_SEARCH_PATHS = "$(inherited) @executable_path/Frameworks";
				PRODUCT_NAME = "$(TARGET_NAME)";
				PROVISIONING_PROFILE = "63778686-107b-4e86-9b80-8ad7d1e15d93";
				SWIFT_OBJC_BRIDGING_HEADER = "QMMedica/QMMedica-Bridging-Header.h";
				SWIFT_OPTIMIZATION_LEVEL = "-Onone";
			};
			name = Debug;
		};
		FF6E4D281B2585B700ABC57E /* Release */ = {
			isa = XCBuildConfiguration;
			baseConfigurationReference = 018813D220E1D2A87BF0C113 /* Pods.release.xcconfig */;
			buildSettings = {
				ASSETCATALOG_COMPILER_APPICON_NAME = AppIcon;
				CLANG_ENABLE_MODULES = YES;
				CODE_SIGN_IDENTITY = "iPhone Developer: Li Wei (4X728K54LX)";
				INFOPLIST_FILE = QMMedica/Info.plist;
				IPHONEOS_DEPLOYMENT_TARGET = 7.0;
				LD_RUNPATH_SEARCH_PATHS = "$(inherited) @executable_path/Frameworks";
				PRODUCT_NAME = "$(TARGET_NAME)";
				PROVISIONING_PROFILE = "63778686-107b-4e86-9b80-8ad7d1e15d93";
				SWIFT_OBJC_BRIDGING_HEADER = "QMMedica/QMMedica-Bridging-Header.h";
			};
			name = Release;
		};
		FF6E4D2A1B2585B700ABC57E /* Debug */ = {
			isa = XCBuildConfiguration;
			buildSettings = {
				BUNDLE_LOADER = "$(TEST_HOST)";
				FRAMEWORK_SEARCH_PATHS = (
					"$(SDKROOT)/Developer/Library/Frameworks",
					"$(inherited)",
				);
				GCC_PREPROCESSOR_DEFINITIONS = (
					"DEBUG=1",
					"$(inherited)",
				);
				INFOPLIST_FILE = QMMedicaTests/Info.plist;
				LD_RUNPATH_SEARCH_PATHS = "$(inherited) @executable_path/Frameworks @loader_path/Frameworks";
				PRODUCT_NAME = "$(TARGET_NAME)";
				TEST_HOST = "$(BUILT_PRODUCTS_DIR)/QMMedica.app/QMMedica";
			};
			name = Debug;
		};
		FF6E4D2B1B2585B700ABC57E /* Release */ = {
			isa = XCBuildConfiguration;
			buildSettings = {
				BUNDLE_LOADER = "$(TEST_HOST)";
				FRAMEWORK_SEARCH_PATHS = (
					"$(SDKROOT)/Developer/Library/Frameworks",
					"$(inherited)",
				);
				INFOPLIST_FILE = QMMedicaTests/Info.plist;
				LD_RUNPATH_SEARCH_PATHS = "$(inherited) @executable_path/Frameworks @loader_path/Frameworks";
				PRODUCT_NAME = "$(TARGET_NAME)";
				TEST_HOST = "$(BUILT_PRODUCTS_DIR)/QMMedica.app/QMMedica";
			};
			name = Release;
		};
/* End XCBuildConfiguration section */

/* Begin XCConfigurationList section */
		FF6E4D021B2585B700ABC57E /* Build configuration list for PBXProject "QMMedica" */ = {
			isa = XCConfigurationList;
			buildConfigurations = (
				FF6E4D241B2585B700ABC57E /* Debug */,
				FF6E4D251B2585B700ABC57E /* Release */,
			);
			defaultConfigurationIsVisible = 0;
			defaultConfigurationName = Release;
		};
		FF6E4D261B2585B700ABC57E /* Build configuration list for PBXNativeTarget "QMMedica" */ = {
			isa = XCConfigurationList;
			buildConfigurations = (
				FF6E4D271B2585B700ABC57E /* Debug */,
				FF6E4D281B2585B700ABC57E /* Release */,
			);
			defaultConfigurationIsVisible = 0;
			defaultConfigurationName = Release;
		};
		FF6E4D291B2585B700ABC57E /* Build configuration list for PBXNativeTarget "QMMedicaTests" */ = {
			isa = XCConfigurationList;
			buildConfigurations = (
				FF6E4D2A1B2585B700ABC57E /* Debug */,
				FF6E4D2B1B2585B700ABC57E /* Release */,
			);
			defaultConfigurationIsVisible = 0;
			defaultConfigurationName = Release;
		};
/* End XCConfigurationList section */
	};
	rootObject = FF6E4CFF1B2585B700ABC57E /* Project object */;
}
